
Microsoft Visual Studio Solution File, Format Version 12.00
# Visual Studio 14
VisualStudioVersion = 14.0.25420.1
MinimumVisualStudioVersion = 10.0.40219.1
Project("{FAE04EC0-301F-11D3-BF4B-00C04F79EFBC}") = "Klarna.Payments", "Klarna.Payments\Klarna.Payments.csproj", "{4400A05B-015F-4B0B-A41A-06B81B2E9824}"
EndProject
Project("{FAE04EC0-301F-11D3-BF4B-00C04F79EFBC}") = "Klarna.PaymentsTests", "Klarna.PaymentsTests\Klarna.PaymentsTests.csproj", "{848CD64D-44D1-469B-84B6-1ED156538E08}"
EndProject
Global
	GlobalSection(SolutionConfigurationPlatforms) = preSolution
		Debug|Any CPU = Debug|Any CPU
		Release|Any CPU = Release|Any CPU
	EndGlobalSection
	GlobalSection(ProjectConfigurationPlatforms) = postSolution
		{4400A05B-015F-4B0B-A41A-06B81B2E9824}.Debug|Any CPU.ActiveCfg = Debug|Any CPU
		{4400A05B-015F-4B0B-A41A-06B81B2E9824}.Debug|Any CPU.Build.0 = Debug|Any CPU
		{4400A05B-015F-4B0B-A41A-06B81B2E9824}.Release|Any CPU.ActiveCfg = Release|Any CPU
		{4400A05B-015F-4B0B-A41A-06B81B2E9824}.Release|Any CPU.Build.0 = Release|Any CPU
		{848CD64D-44D1-469B-84B6-1ED156538E08}.Debug|Any CPU.ActiveCfg = Debug|Any CPU
		{848CD64D-44D1-469B-84B6-1ED156538E08}.Debug|Any CPU.Build.0 = Debug|Any CPU
		{848CD64D-44D1-469B-84B6-1ED156538E08}.Release|Any CPU.ActiveCfg = Release|Any CPU
		{848CD64D-44D1-469B-84B6-1ED156538E08}.Release|Any CPU.Build.0 = Release|Any CPU
	EndGlobalSection
	GlobalSection(SolutionProperties) = preSolution
		HideSolutionNode = FALSE
	EndGlobalSection
EndGlobal
